// !$*UTF8*$!
{
	archiveVersion = 1;
	classes = {
	};
	objectVersion = 46;
	objects = {

/* Begin PBXBuildFile section */
		8E91D5551A24D0A3009922B6 /* KnapsackProblem.c in Sources */ = {isa = PBXBuildFile; fileRef = 8E91D5541A24D0A3009922B6 /* KnapsackProblem.c */; };
/* End PBXBuildFile section */

/* Begin PBXCopyFilesBuildPhase section */
		8E91D54F1A24D0A3009922B6 /* CopyFiles */ = {
			isa = PBXCopyFilesBuildPhase;
			buildActionMask = 2147483647;
			dstPath = /usr/share/man/man1/;
			dstSubfolderSpec = 0;
			files = (
			);
			runOnlyForDeploymentPostprocessing = 1;
		};
/* End PBXCopyFilesBuildPhase section */

/* Begin PBXFileReference section */
		8E91D5511A24D0A3009922B6 /* KnapsackProblem */ = {isa = PBXFileReference; explicitFileType = "compiled.mach-o.executable"; includeInIndex = 0; path = KnapsackProblem; sourceTree = BUILT_PRODUCTS_DIR; };
		8E91D5541A24D0A3009922B6 /* KnapsackProblem.c */ = {isa = PBXFileReference; lastKnownFileType = sourcecode.c.c; path = KnapsackProblem.c; sourceTree = "<group>"; };
/* End PBXFileReference section */

/* Begin PBXFrameworksBuildPhase section */
		8E91D54E1A24D0A3009922B6 /* Frameworks */ = {
			isa = PBXFrameworksBuildPhase;
			buildActionMask = 2147483647;
			files = (
			);
			runOnlyForDeploymentPostprocessing = 0;
		};
/* End PBXFrameworksBuildPhase section */

/* Begin PBXGroup section */
		8E91D5481A24D0A3009922B6 = {
			isa = PBXGroup;
			children = (
				8E91D5531A24D0A3009922B6 /* KnapsackProblem */,
				8E91D5521A24D0A3009922B6 /* Products */,
			);
			sourceTree = "<group>";
		};
		8E91D5521A24D0A3009922B6 /* Products */ = {
			isa = PBXGroup;
			children = (
				8E91D5511A24D0A3009922B6 /* KnapsackProblem */,
			);
			name = Products;
			sourceTree = "<group>";
		};
		8E91D5531A24D0A3009922B6 /* KnapsackProblem */ = {
			isa = PBXGroup;
			children = (
				8E91D5541A24D0A3009922B6 /* KnapsackProblem.c */,
			);
			path = KnapsackProblem;
			sourceTree = "<group>";
		};
/* End PBXGroup section */

/* Begin PBXNativeTarget section */
		8E91D5501A24D0A3009922B6 /* KnapsackProblem */ = {
			isa = PBXNativeTarget;
			buildConfigurationList = 8E91D5581A24D0A3009922B6 /* Build configuration list for PBXNativeTarget "KnapsackProblem" */;
			buildPhases = (
				8E91D54D1A24D0A3009922B6 /* Sources */,
				8E91D54E1A24D0A3009922B6 /* Frameworks */,
				8E91D54F1A24D0A3009922B6 /* CopyFiles */,
			);
			buildRules = (
			);
			dependencies = (
			);
			name = KnapsackProblem;
			productName = KnapsackProblem;
			productReference = 8E91D5511A24D0A3009922B6 /* KnapsackProblem */;
			productType = "com.apple.product-type.tool";
		};
/* End PBXNativeTarget section */

/* Begin PBXProject section */
		8E91D5491A24D0A3009922B6 /* Project object */ = {
			isa = PBXProject;
			attributes = {
				LastUpgradeCheck = 0610;
				ORGANIZATIONNAME = "山崎 慎太郎";
				TargetAttributes = {
					8E91D5501A24D0A3009922B6 = {
						CreatedOnToolsVersion = 6.1;
					};
				};
			};
			buildConfigurationList = 8E91D54C1A24D0A3009922B6 /* Build configuration list for PBXProject "KnapsackProblem" */;
			compatibilityVersion = "Xcode 3.2";
			developmentRegion = English;
			hasScannedForEncodings = 0;
			knownRegions = (
				en,
			);
			mainGroup = 8E91D5481A24D0A3009922B6;
			productRefGroup = 8E91D5521A24D0A3009922B6 /* Products */;
			projectDirPath = "";
			projectRoot = "";
			targets = (
				8E91D5501A24D0A3009922B6 /* KnapsackProblem */,
			);
		};
/* End PBXProject section */

/* Begin PBXSourcesBuildPhase section */
		8E91D54D1A24D0A3009922B6 /* Sources */ = {
			isa = PBXSourcesBuildPhase;
			buildActionMask = 2147483647;
			files = (
				8E91D5551A24D0A3009922B6 /* KnapsackProblem.c in Sources */,
			);
			runOnlyForDeploymentPostprocessing = 0;
		};
/* End PBXSourcesBuildPhase section */

/* Begin XCBuildConfiguration section */
		8E91D5561A24D0A3009922B6 /* Debug */ = {
			isa = XCBuildConfiguration;
			buildSettings = {
				ALWAYS_SEARCH_USER_PATHS = NO;
				CLANG_CXX_LANGUAGE_STANDARD = "gnu++0x";
				CLANG_CXX_LIBRARY = "libc++";
				CLANG_ENABLE_MODULES = YES;
				CLANG_ENABLE_OBJC_ARC = YES;
				CLANG_WARN_BOOL_CONVERSION = YES;
				CLANG_WARN_CONSTANT_CONVERSION = YES;
				CLANG_WARN_DIRECT_OBJC_ISA_USAGE = YES_ERROR;
				CLANG_WARN_EMPTY_BODY = YES;
				CLANG_WARN_ENUM_CONVERSION = YES;
				CLANG_WARN_INT_CONVERSION = YES;
				CLANG_WARN_OBJC_ROOT_CLASS = YES_ERROR;
				CLANG_WARN_UNREACHABLE_CODE = YES;
				CLANG_WARN__DUPLICATE_METHOD_MATCH = YES;
				COPY_PHASE_STRIP = NO;
				ENABLE_STRICT_OBJC_MSGSEND = YES;
				GCC_C_LANGUAGE_STANDARD = gnu99;
				GCC_DYNAMIC_NO_PIC = NO;
				GCC_OPTIMIZATION_LEVEL = 0;
				GCC_PREPROCESSOR_DEFINITIONS = (
					"DEBUG=1",
					"$(inherited)",
				);
				GCC_SYMBOLS_PRIVATE_EXTERN = NO;
				GCC_WARN_64_TO_32_BIT_CONVERSION = YES;
				GCC_WARN_ABOUT_RETURN_TYPE = YES_ERROR;
				GCC_WARN_UNDECLARED_SELECTOR = YES;
				GCC_WARN_UNINITIALIZED_AUTOS = YES_AGGRESSIVE;
				GCC_WARN_UNUSED_FUNCTION = YES;
				GCC_WARN_UNUSED_VARIABLE = YES;
				MACOSX_DEPLOYMENT_TARGET = 10.10;
				MTL_ENABLE_DEBUG_INFO = YES;
				ONLY_ACTIVE_ARCH = YES;
				SDKROOT = macosx;
			};
			name = Debug;
		};
		8E91D5571A24D0A3009922B6 /* Release */ = {
			isa = XCBuildConfiguration;
			buildSettings = {
				ALWAYS_SEARCH_USER_PATHS = NO;
				CLANG_CXX_LANGUAGE_STANDARD = "gnu++0x";
				CLANG_CXX_LIBRARY = "libc++";
				CLANG_ENABLE_MODULES = YES;
				CLANG_ENABLE_OBJC_ARC = YES;
				CLANG_WARN_BOOL_CONVERSION = YES;
				CLANG_WARN_CONSTANT_CONVERSION = YES;
				CLANG_WARN_DIRECT_OBJC_ISA_USAGE = YES_ERROR;
				CLANG_WARN_EMPTY_BODY = YES;
				CLANG_WARN_ENUM_CONVERSION = YES;
				CLANG_WARN_INT_CONVERSION = YES;
				CLANG_WARN_OBJC_ROOT_CLASS = YES_ERROR;
				CLANG_WARN_UNREACHABLE_CODE = YES;
				CLANG_WARN__DUPLICATE_METHOD_MATCH = YES;
				COPY_PHASE_STRIP = YES;
				DEBUG_INFORMATION_FORMAT = "dwarf-with-dsym";
				ENABLE_NS_ASSERTIONS = NO;
				ENABLE_STRICT_OBJC_MSGSEND = YES;
				GCC_C_LANGUAGE_STANDARD = gnu99;
				GCC_WARN_64_TO_32_BIT_CONVERSION = YES;
				GCC_WARN_ABOUT_RETURN_TYPE = YES_ERROR;
				GCC_WARN_UNDECLARED_SELECTOR = YES;
				GCC_WARN_UNINITIALIZED_AUTOS = YES_AGGRESSIVE;
				GCC_WARN_UNUSED_FUNCTION = YES;
				GCC_WARN_UNUSED_VARIABLE = YES;
				MACOSX_DEPLOYMENT_TARGET = 10.10;
				MTL_ENABLE_DEBUG_INFO = NO;
				SDKROOT = macosx;
			};
			name = Release;
		};
		8E91D5591A24D0A3009922B6 /* Debug */ = {
			isa = XCBuildConfiguration;
			buildSettings = {
				PRODUCT_NAME = "$(TARGET_NAME)";
			};
			name = Debug;
		};
		8E91D55A1A24D0A3009922B6 /* Release */ = {
			isa = XCBuildConfiguration;
			buildSettings = {
				PRODUCT_NAME = "$(TARGET_NAME)";
			};
			name = Release;
		};
/* End XCBuildConfiguration section */

/* Begin XCConfigurationList section */
		8E91D54C1A24D0A3009922B6 /* Build configuration list for PBXProject "KnapsackProblem" */ = {
			isa = XCConfigurationList;
			buildConfigurations = (
				8E91D5561A24D0A3009922B6 /* Debug */,
				8E91D5571A24D0A3009922B6 /* Release */,
			);
			defaultConfigurationIsVisible = 0;
			defaultConfigurationName = Release;
		};
		8E91D5581A24D0A3009922B6 /* Build configuration list for PBXNativeTarget "KnapsackProblem" */ = {
			isa = XCConfigurationList;
			buildConfigurations = (
				8E91D5591A24D0A3009922B6 /* Debug */,
				8E91D55A1A24D0A3009922B6 /* Release */,
			);
			defaultConfigurationIsVisible = 0;
			defaultConfigurationName = Release;
		};
/* End XCConfigurationList section */
	};
	rootObject = 8E91D5491A24D0A3009922B6 /* Project object */;
}
